
Microsoft Visual Studio Solution File, Format Version 12.00
# Visual Studio Version 17
VisualStudioVersion = 17.3.32819.101
MinimumVisualStudioVersion = 10.0.40219.1
Project("{FAE04EC0-301F-11D3-BF4B-00C04F79EFBC}") = "LeaveManagement.Web", "LeaveManagement.Web\LeaveManagement.Web.csproj", "{FEFF32F5-0CC7-4441-AE3F-BF11884ECF9E}"
EndProject
Global
	GlobalSection(SolutionConfigurationPlatforms) = preSolution
		Debug|Any CPU = Debug|Any CPU
		Release|Any CPU = Release|Any CPU
	EndGlobalSection
	GlobalSection(ProjectConfigurationPlatforms) = postSolution
		{FEFF32F5-0CC7-4441-AE3F-BF11884ECF9E}.Debug|Any CPU.ActiveCfg = Debug|Any CPU
		{FEFF32F5-0CC7-4441-AE3F-BF11884ECF9E}.Debug|Any CPU.Build.0 = Debug|Any CPU
		{FEFF32F5-0CC7-4441-AE3F-BF11884ECF9E}.Release|Any CPU.ActiveCfg = Release|Any CPU
		{FEFF32F5-0CC7-4441-AE3F-BF11884ECF9E}.Release|Any CPU.Build.0 = Release|Any CPU
	EndGlobalSection
	GlobalSection(SolutionProperties) = preSolution
		HideSolutionNode = FALSE
	EndGlobalSection
	GlobalSection(ExtensibilityGlobals) = postSolution
		SolutionGuid = {48FB75A9-2578-4FC7-8C04-5759B282EC4E}
	EndGlobalSection
EndGlobal
